
Microsoft Visual Studio Solution File, Format Version 12.00
# Visual Studio Version 16
VisualStudioVersion = 16.0.29806.167
MinimumVisualStudioVersion = 10.0.40219.1
Project("{FAE04EC0-301F-11D3-BF4B-00C04F79EFBC}") = "SerialColors", "WindowsFormsApp1\SerialColors.csproj", "{25E607D7-7C70-4FC1-A6D0-A87F8B4B89B0}"
EndProject
Project("{54435603-DBB4-11D2-8724-00A0C9A8B90C}") = "Setup", "Setup\Setup.vdproj", "{BB565495-3891-4E6B-BBBF-6CB8BC359C47}"
EndProject
Global
	GlobalSection(SolutionConfigurationPlatforms) = preSolution
		Debug|Any CPU = Debug|Any CPU
		Release|Any CPU = Release|Any CPU
	EndGlobalSection
	GlobalSection(ProjectConfigurationPlatforms) = postSolution
		{25E607D7-7C70-4FC1-A6D0-A87F8B4B89B0}.Debug|Any CPU.ActiveCfg = Debug|Any CPU
		{25E607D7-7C70-4FC1-A6D0-A87F8B4B89B0}.Debug|Any CPU.Build.0 = Debug|Any CPU
		{25E607D7-7C70-4FC1-A6D0-A87F8B4B89B0}.Release|Any CPU.ActiveCfg = Release|Any CPU
		{25E607D7-7C70-4FC1-A6D0-A87F8B4B89B0}.Release|Any CPU.Build.0 = Release|Any CPU
		{BB565495-3891-4E6B-BBBF-6CB8BC359C47}.Debug|Any CPU.ActiveCfg = Debug
		{BB565495-3891-4E6B-BBBF-6CB8BC359C47}.Release|Any CPU.ActiveCfg = Release
	EndGlobalSection
	GlobalSection(SolutionProperties) = preSolution
		HideSolutionNode = FALSE
	EndGlobalSection
	GlobalSection(ExtensibilityGlobals) = postSolution
		SolutionGuid = {86963331-0F4A-43FE-AC9C-873416E344B9}
	EndGlobalSection
EndGlobal
